// !$*UTF8*$!
{
	archiveVersion = 1;
	classes = {
	};
	objectVersion = 56;
	objects = {

/* Begin PBXBuildFile section */
		1A2B3C4D5E6F7A8B9C0D1E2F /* MindMapMacApp.swift in Sources */ = {isa = PBXBuildFile; fileRef = 2A2B3C4D5E6F7A8B9C0D1E2F /* MindMapMacApp.swift */; };
		1A2B3C4D5E6F7A8B9C0D1E30 /* MindMapDocument.swift in Sources */ = {isa = PBXBuildFile; fileRef = 2A2B3C4D5E6F7A8B9C0D1E30 /* MindMapDocument.swift */; };
		1A2B3C4D5E6F7A8B9C0D1E31 /* MindMap.swift in Sources */ = {isa = PBXBuildFile; fileRef = 2A2B3C4D5E6F7A8B9C0D1E31 /* MindMap.swift */; };
		1A2B3C4D5E6F7A8B9C0D1E32 /* MindNode.swift in Sources */ = {isa = PBXBuildFile; fileRef = 2A2B3C4D5E6F7A8B9C0D1E32 /* MindNode.swift */; };
		1A2B3C4D5E6F7A8B9C0D1E33 /* ContentView.swift in Sources */ = {isa = PBXBuildFile; fileRef = 2A2B3C4D5E6F7A8B9C0D1E33 /* ContentView.swift */; };
		1A2B3C4D5E6F7A8B9C0D1E34 /* MindMapCanvasView.swift in Sources */ = {isa = PBXBuildFile; fileRef = 2A2B3C4D5E6F7A8B9C0D1E34 /* MindMapCanvasView.swift */; };
		1A2B3C4D5E6F7A8B9C0D1E35 /* NodeView.swift in Sources */ = {isa = PBXBuildFile; fileRef = 2A2B3C4D5E6F7A8B9C0D1E35 /* NodeView.swift */; };
		1A2B3C4D5E6F7A8B9C0D1E36 /* NodeEditSheet.swift in Sources */ = {isa = PBXBuildFile; fileRef = 2A2B3C4D5E6F7A8B9C0D1E36 /* NodeEditSheet.swift */; };
		1A2B3C4D5E6F7A8B9C0D1E37 /* ExportManager.swift in Sources */ = {isa = PBXBuildFile; fileRef = 2A2B3C4D5E6F7A8B9C0D1E37 /* ExportManager.swift */; };
		1A2B3C4D5E6F7A8B9C0D1E38 /* Color+Hex.swift in Sources */ = {isa = PBXBuildFile; fileRef = 2A2B3C4D5E6F7A8B9C0D1E38 /* Color+Hex.swift */; };
/* End PBXBuildFile section */

/* Begin PBXFileReference section */
		2A2B3C4D5E6F7A8B9C0D1E2F /* MindMapMacApp.swift */ = {isa = PBXFileReference; lastKnownFileType = sourcecode.swift; path = MindMapMacApp.swift; sourceTree = "<group>"; };
		2A2B3C4D5E6F7A8B9C0D1E30 /* MindMapDocument.swift */ = {isa = PBXFileReference; lastKnownFileType = sourcecode.swift; path = MindMapDocument.swift; sourceTree = "<group>"; };
		2A2B3C4D5E6F7A8B9C0D1E31 /* MindMap.swift */ = {isa = PBXFileReference; lastKnownFileType = sourcecode.swift; path = MindMap.swift; sourceTree = "<group>"; };
		2A2B3C4D5E6F7A8B9C0D1E32 /* MindNode.swift */ = {isa = PBXFileReference; lastKnownFileType = sourcecode.swift; path = MindNode.swift; sourceTree = "<group>"; };
		2A2B3C4D5E6F7A8B9C0D1E33 /* ContentView.swift */ = {isa = PBXFileReference; lastKnownFileType = sourcecode.swift; path = ContentView.swift; sourceTree = "<group>"; };
		2A2B3C4D5E6F7A8B9C0D1E34 /* MindMapCanvasView.swift */ = {isa = PBXFileReference; lastKnownFileType = sourcecode.swift; path = MindMapCanvasView.swift; sourceTree = "<group>"; };
		2A2B3C4D5E6F7A8B9C0D1E35 /* NodeView.swift */ = {isa = PBXFileReference; lastKnownFileType = sourcecode.swift; path = NodeView.swift; sourceTree = "<group>"; };
		2A2B3C4D5E6F7A8B9C0D1E36 /* NodeEditSheet.swift */ = {isa = PBXFileReference; lastKnownFileType = sourcecode.swift; path = NodeEditSheet.swift; sourceTree = "<group>"; };
		2A2B3C4D5E6F7A8B9C0D1E37 /* ExportManager.swift */ = {isa = PBXFileReference; lastKnownFileType = sourcecode.swift; path = ExportManager.swift; sourceTree = "<group>"; };
		2A2B3C4D5E6F7A8B9C0D1E38 /* Color+Hex.swift */ = {isa = PBXFileReference; lastKnownFileType = sourcecode.swift; path = "Color+Hex.swift"; sourceTree = "<group>"; };
		2A2B3C4D5E6F7A8B9C0D1E39 /* Info.plist */ = {isa = PBXFileReference; lastKnownFileType = text.plist.xml; path = Info.plist; sourceTree = "<group>"; };
		2A2B3C4D5E6F7A8B9C0D1E3A /* MindMapMac.entitlements */ = {isa = PBXFileReference; lastKnownFileType = text.plist.entitlements; path = MindMapMac.entitlements; sourceTree = "<group>"; };
		2A2B3C4D5E6F7A8B9C0D1E3B /* MindMapMac.app */ = {isa = PBXFileReference; explicitFileType = wrapper.application; includeInIndex = 0; path = MindMapMac.app; sourceTree = BUILT_PRODUCTS_DIR; };
/* End PBXFileReference section */

/* Begin PBXFrameworksBuildPhase section */
		3A2B3C4D5E6F7A8B9C0D1E2F /* Frameworks */ = {
			isa = PBXFrameworksBuildPhase;
			buildActionMask = 2147483647;
			files = (
			);
			runOnlyForDeploymentPostprocessing = 0;
		};
/* End PBXFrameworksBuildPhase section */

/* Begin PBXGroup section */
		4A2B3C4D5E6F7A8B9C0D1E2F = {
			isa = PBXGroup;
			children = (
				4A2B3C4D5E6F7A8B9C0D1E30 /* MindMapMac */,
				4A2B3C4D5E6F7A8B9C0D1E31 /* Products */,
			);
			sourceTree = "<group>";
		};
		4A2B3C4D5E6F7A8B9C0D1E30 /* MindMapMac */ = {
			isa = PBXGroup;
			children = (
				2A2B3C4D5E6F7A8B9C0D1E2F /* MindMapMacApp.swift */,
				2A2B3C4D5E6F7A8B9C0D1E30 /* MindMapDocument.swift */,
				2A2B3C4D5E6F7A8B9C0D1E31 /* MindMap.swift */,
				2A2B3C4D5E6F7A8B9C0D1E32 /* MindNode.swift */,
				2A2B3C4D5E6F7A8B9C0D1E33 /* ContentView.swift */,
				2A2B3C4D5E6F7A8B9C0D1E34 /* MindMapCanvasView.swift */,
				2A2B3C4D5E6F7A8B9C0D1E35 /* NodeView.swift */,
				2A2B3C4D5E6F7A8B9C0D1E36 /* NodeEditSheet.swift */,
				2A2B3C4D5E6F7A8B9C0D1E37 /* ExportManager.swift */,
				2A2B3C4D5E6F7A8B9C0D1E38 /* Color+Hex.swift */,
				2A2B3C4D5E6F7A8B9C0D1E39 /* Info.plist */,
				2A2B3C4D5E6F7A8B9C0D1E3A /* MindMapMac.entitlements */,
			);
			path = MindMapMac;
			sourceTree = "<group>";
		};
		4A2B3C4D5E6F7A8B9C0D1E31 /* Products */ = {
			isa = PBXGroup;
			children = (
				2A2B3C4D5E6F7A8B9C0D1E3B /* MindMapMac.app */,
			);
			name = Products;
			sourceTree = "<group>";
		};
/* End PBXGroup section */

/* Begin PBXNativeTarget section */
		5A2B3C4D5E6F7A8B9C0D1E2F /* MindMapMac */ = {
			isa = PBXNativeTarget;
			buildConfigurationList = 6A2B3C4D5E6F7A8B9C0D1E2F /* Build configuration list for PBXNativeTarget "MindMapMac" */;
			buildPhases = (
				7A2B3C4D5E6F7A8B9C0D1E2F /* Sources */,
				3A2B3C4D5E6F7A8B9C0D1E2F /* Frameworks */,
				7A2B3C4D5E6F7A8B9C0D1E30 /* Resources */,
			);
			buildRules = (
			);
			dependencies = (
			);
			name = MindMapMac;
			productName = MindMapMac;
			productReference = 2A2B3C4D5E6F7A8B9C0D1E3B /* MindMapMac.app */;
			productType = "com.apple.product-type.application";
		};
/* End PBXNativeTarget section */

/* Begin PBXProject section */
		8A2B3C4D5E6F7A8B9C0D1E2F /* Project object */ = {
			isa = PBXProject;
			attributes = {
				BuildIndependentTargetsInParallel = 1;
				LastSwiftUpdateCheck = 1500;
				LastUpgradeCheck = 1500;
				TargetAttributes = {
					5A2B3C4D5E6F7A8B9C0D1E2F = {
						CreatedOnToolsVersion = 15.0;
					};
				};
			};
			buildConfigurationList = 6A2B3C4D5E6F7A8B9C0D1E30 /* Build configuration list for PBXProject "MindMapMac" */;
			compatibilityVersion = "Xcode 14.0";
			developmentRegion = fr;
			hasScannedForEncodings = 0;
			knownRegions = (
				fr,
				en,
				Base,
			);
			mainGroup = 4A2B3C4D5E6F7A8B9C0D1E2F;
			productRefGroup = 4A2B3C4D5E6F7A8B9C0D1E31 /* Products */;
			projectDirPath = "";
			projectRoot = "";
			targets = (
				5A2B3C4D5E6F7A8B9C0D1E2F /* MindMapMac */,
			);
		};
/* End PBXProject section */

/* Begin PBXResourcesBuildPhase section */
		7A2B3C4D5E6F7A8B9C0D1E30 /* Resources */ = {
			isa = PBXResourcesBuildPhase;
			buildActionMask = 2147483647;
			files = (
			);
			runOnlyForDeploymentPostprocessing = 0;
		};
/* End PBXResourcesBuildPhase section */

/* Begin PBXSourcesBuildPhase section */
		7A2B3C4D5E6F7A8B9C0D1E2F /* Sources */ = {
			isa = PBXSourcesBuildPhase;
			buildActionMask = 2147483647;
			files = (
				1A2B3C4D5E6F7A8B9C0D1E2F /* MindMapMacApp.swift in Sources */,
				1A2B3C4D5E6F7A8B9C0D1E30 /* MindMapDocument.swift in Sources */,
				1A2B3C4D5E6F7A8B9C0D1E31 /* MindMap.swift in Sources */,
				1A2B3C4D5E6F7A8B9C0D1E32 /* MindNode.swift in Sources */,
				1A2B3C4D5E6F7A8B9C0D1E33 /* ContentView.swift in Sources */,
				1A2B3C4D5E6F7A8B9C0D1E34 /* MindMapCanvasView.swift in Sources */,
				1A2B3C4D5E6F7A8B9C0D1E35 /* NodeView.swift in Sources */,
				1A2B3C4D5E6F7A8B9C0D1E36 /* NodeEditSheet.swift in Sources */,
				1A2B3C4D5E6F7A8B9C0D1E37 /* ExportManager.swift in Sources */,
				1A2B3C4D5E6F7A8B9C0D1E38 /* Color+Hex.swift in Sources */,
			);
			runOnlyForDeploymentPostprocessing = 0;
		};
/* End PBXSourcesBuildPhase section */

/* Begin XCBuildConfiguration section */
		9A2B3C4D5E6F7A8B9C0D1E2F /* Debug */ = {
			isa = XCBuildConfiguration;
			buildSettings = {
				ALWAYS_SEARCH_USER_PATHS = NO;
				CLANG_ANALYZER_NONNULL = YES;
				CLANG_ANALYZER_NUMBER_OBJECT_CONVERSION = YES_AGGRESSIVE;
				CLANG_CXX_LANGUAGE_STANDARD = "gnu++20";
				CLANG_ENABLE_MODULES = YES;
				CLANG_ENABLE_OBJC_ARC = YES;
				CLANG_WARN_BLOCK_CAPTURE_AUTORELEASING = YES;
				CLANG_WARN_DIRECT_OBJC_ISA_USAGE = YES_ERROR;
				CLANG_WARN_OBJC_ROOT_CLASS = YES_ERROR;
				CLANG_WARN_QUOTED_INCLUDE_IN_FRAMEWORK_HEADER = YES;
				CLANG_WARN_UNGUARDED_AVAILABILITY = YES_AGGRESSIVE;
				COPY_PHASE_STRIP = NO;
				DEBUG_INFORMATION_FORMAT = dwarf;
				ENABLE_STRICT_OBJC_MSGSEND = YES;
				ENABLE_TESTABILITY = YES;
				GCC_C_LANGUAGE_STANDARD = gnu17;
				GCC_DYNAMIC_NO_PIC = NO;
				GCC_NO_COMMON_BLOCKS = YES;
				GCC_OPTIMIZATION_LEVEL = 0;
				GCC_PREPROCESSOR_DEFINITIONS = (
					"DEBUG=1",
					"$(inherited)",
				);
				GCC_WARN_64_TO_32_BIT_CONVERSION = YES;
				GCC_WARN_ABOUT_RETURN_TYPE = YES_ERROR;
				GCC_WARN_UNDECLARED_SELECTOR = YES;
				GCC_WARN_UNINITIALIZED_AUTOS = YES_AGGRESSIVE;
				GCC_WARN_UNUSED_FUNCTION = YES;
				GCC_WARN_UNUSED_VARIABLE = YES;
				MACOSX_DEPLOYMENT_TARGET = 13.0;
				MTL_ENABLE_DEBUG_INFO = INCLUDE_SOURCE;
				MTL_FAST_MATH = YES;
				ONLY_ACTIVE_ARCH = YES;
				SDKROOT = macosx;
				SWIFT_ACTIVE_COMPILATION_CONDITIONS = DEBUG;
				SWIFT_OPTIMIZATION_LEVEL = "-Onone";
			};
			name = Debug;
		};
		9A2B3C4D5E6F7A8B9C0D1E30 /* Release */ = {
			isa = XCBuildConfiguration;
			buildSettings = {
				ALWAYS_SEARCH_USER_PATHS = NO;
				CLANG_ANALYZER_NONNULL = YES;
				CLANG_ANALYZER_NUMBER_OBJECT_CONVERSION = YES_AGGRESSIVE;
				CLANG_CXX_LANGUAGE_STANDARD = "gnu++20";
				CLANG_ENABLE_MODULES = YES;
				CLANG_ENABLE_OBJC_ARC = YES;
				CLANG_WARN_BLOCK_CAPTURE_AUTORELEASING = YES;
				CLANG_WARN_DIRECT_OBJC_ISA_USAGE = YES_ERROR;
				CLANG_WARN_OBJC_ROOT_CLASS = YES_ERROR;
				CLANG_WARN_QUOTED_INCLUDE_IN_FRAMEWORK_HEADER = YES;
				CLANG_WARN_UNGUARDED_AVAILABILITY = YES_AGGRESSIVE;
				COPY_PHASE_STRIP = NO;
				DEBUG_INFORMATION_FORMAT = "dwarf-with-dsym";
				ENABLE_NS_ASSERTIONS = NO;
				ENABLE_STRICT_OBJC_MSGSEND = YES;
				GCC_C_LANGUAGE_STANDARD = gnu17;
				GCC_NO_COMMON_BLOCKS = YES;
				GCC_WARN_64_TO_32_BIT_CONVERSION = YES;
				GCC_WARN_ABOUT_RETURN_TYPE = YES_ERROR;
				GCC_WARN_UNDECLARED_SELECTOR = YES;
				GCC_WARN_UNINITIALIZED_AUTOS = YES_AGGRESSIVE;
				GCC_WARN_UNUSED_FUNCTION = YES;
				GCC_WARN_UNUSED_VARIABLE = YES;
				MACOSX_DEPLOYMENT_TARGET = 13.0;
				MTL_FAST_MATH = YES;
				SDKROOT = macosx;
				SWIFT_COMPILATION_MODE = wholemodule;
				SWIFT_OPTIMIZATION_LEVEL = "-O";
			};
			name = Release;
		};
		9A2B3C4D5E6F7A8B9C0D1E31 /* Debug */ = {
			isa = XCBuildConfiguration;
			buildSettings = {
				CODE_SIGN_ENTITLEMENTS = MindMapMac/MindMapMac.entitlements;
				CODE_SIGN_STYLE = Automatic;
				COMBINE_HIDPI_IMAGES = YES;
				CURRENT_PROJECT_VERSION = 1;
				DEVELOPMENT_TEAM = "";
				ENABLE_HARDENED_RUNTIME = NO;
				GENERATE_INFOPLIST_FILE = NO;
				INFOPLIST_FILE = MindMapMac/Info.plist;
				LD_RUNPATH_SEARCH_PATHS = (
					"$(inherited)",
					"@executable_path/../Frameworks",
				);
				MARKETING_VERSION = 1.0;
				PRODUCT_BUNDLE_IDENTIFIER = "com.formations.mindmap-mac";
				PRODUCT_NAME = "$(TARGET_NAME)";
				SWIFT_EMIT_LOC_STRINGS = YES;
				SWIFT_VERSION = 5.0;
			};
			name = Debug;
		};
		9A2B3C4D5E6F7A8B9C0D1E32 /* Release */ = {
			isa = XCBuildConfiguration;
			buildSettings = {
				CODE_SIGN_ENTITLEMENTS = MindMapMac/MindMapMac.entitlements;
				CODE_SIGN_STYLE = Automatic;
				COMBINE_HIDPI_IMAGES = YES;
				CURRENT_PROJECT_VERSION = 1;
				DEVELOPMENT_TEAM = "";
				ENABLE_HARDENED_RUNTIME = YES;
				GENERATE_INFOPLIST_FILE = NO;
				INFOPLIST_FILE = MindMapMac/Info.plist;
				LD_RUNPATH_SEARCH_PATHS = (
					"$(inherited)",
					"@executable_path/../Frameworks",
				);
				MARKETING_VERSION = 1.0;
				PRODUCT_BUNDLE_IDENTIFIER = "com.formations.mindmap-mac";
				PRODUCT_NAME = "$(TARGET_NAME)";
				SWIFT_EMIT_LOC_STRINGS = YES;
				SWIFT_VERSION = 5.0;
			};
			name = Release;
		};
/* End XCBuildConfiguration section */

/* Begin XCConfigurationList section */
		6A2B3C4D5E6F7A8B9C0D1E2F /* Build configuration list for PBXNativeTarget "MindMapMac" */ = {
			isa = XCConfigurationList;
			buildConfigurations = (
				9A2B3C4D5E6F7A8B9C0D1E31 /* Debug */,
				9A2B3C4D5E6F7A8B9C0D1E32 /* Release */,
			);
			defaultConfigurationIsVisible = 0;
			defaultConfigurationName = Release;
		};
		6A2B3C4D5E6F7A8B9C0D1E30 /* Build configuration list for PBXProject "MindMapMac" */ = {
			isa = XCConfigurationList;
			buildConfigurations = (
				9A2B3C4D5E6F7A8B9C0D1E2F /* Debug */,
				9A2B3C4D5E6F7A8B9C0D1E30 /* Release */,
			);
			defaultConfigurationIsVisible = 0;
			defaultConfigurationName = Release;
		};
/* End XCConfigurationList section */

	};
	rootObject = 8A2B3C4D5E6F7A8B9C0D1E2F /* Project object */;
}
